# This file is generated by running "yarn install" inside your project.
# Manual changes might be lost - proceed with caution!

__metadata:
  version: 8
  cacheKey: 10c0

"@types/node@npm:*":
  version: 22.15.17
  resolution: "@types/node@npm:22.15.17"
  dependencies:
    undici-types: "npm:~6.21.0"
  checksum: 10c0/fb92aa10b628683c5b965749f955bc2322485ecb0ea6c2f4cae5f2c7537a16834607e67083a9e9281faaae8d7dee9ada8d6a5c0de9a52c17d82912ef00c0fdd4
  languageName: node
  linkType: hard

"tldts-core@npm:^7.0.7":
  version: 7.0.7
  resolution: "tldts-core@npm:7.0.7"
  checksum: 10c0/801a9861973dce3b45fce25c3775848a1c0d5c225752bc0f84e843e61dba9c31be60c610525cf0fc42039ae3c06944e5f76e429243a4bdc91ce5c8268f14f659
  languageName: node
  linkType: hard

"tldts@npm:*":
  version: 7.0.7
  resolution: "tldts@npm:7.0.7"
  dependencies:
    tldts-core: "npm:^7.0.7"
  bin:
    tldts: bin/cli.js
  checksum: 10c0/d8eb99cd40af98ea96bc8cc9245513cd13ff178c97c25286443467cadc0916455d1e2558ecee7dd2dfb3374dd357c82274e3b39e4f0722c60ab1aaa893678f54
  languageName: node
  linkType: hard

"ts-whois-client@workspace:.":
  version: 0.0.0-use.local
  resolution: "ts-whois-client@workspace:."
  dependencies:
    "@types/node": "npm:*"
    tldts: "npm:*"
    typescript: "npm:*"
  languageName: unknown
  linkType: soft

"typescript@npm:*":
  version: 5.8.3
  resolution: "typescript@npm:5.8.3"
  bin:
    tsc: bin/tsc
    tsserver: bin/tsserver
  checksum: 10c0/5f8bb01196e542e64d44db3d16ee0e4063ce4f3e3966df6005f2588e86d91c03e1fb131c2581baf0fb65ee79669eea6e161cd448178986587e9f6844446dbb48
  languageName: node
  linkType: hard

"typescript@patch:typescript@npm%3A*#optional!builtin<compat/typescript>":
  version: 5.8.3
  resolution: "typescript@patch:typescript@npm%3A5.8.3#optional!builtin<compat/typescript>::version=5.8.3&hash=5786d5"
  bin:
    tsc: bin/tsc
    tsserver: bin/tsserver
  checksum: 10c0/39117e346ff8ebd87ae1510b3a77d5d92dae5a89bde588c747d25da5c146603a99c8ee588c7ef80faaf123d89ed46f6dbd918d534d641083177d5fac38b8a1cb
  languageName: node
  linkType: hard

"undici-types@npm:~6.21.0":
  version: 6.21.0
  resolution: "undici-types@npm:6.21.0"
  checksum: 10c0/c01ed51829b10aa72fc3ce64b747f8e74ae9b60eafa19a7b46ef624403508a54c526ffab06a14a26b3120d055e1104d7abe7c9017e83ced038ea5cf52f8d5e04
  languageName: node
  linkType: hard
